// !$*UTF8*$!
{
	archiveVersion = 1;
	classes = {
	};
	objectVersion = 56;
	objects = {

/* Begin PBXBuildFile section */
		2137630A2AE953600029B31C /* loginApp.swift in Sources */ = {isa = PBXBuildFile; fileRef = 213763092AE953600029B31C /* loginApp.swift */; };
		2137630C2AE953600029B31C /* ContentView.swift in Sources */ = {isa = PBXBuildFile; fileRef = 2137630B2AE953600029B31C /* ContentView.swift */; };
		2137630E2AE953620029B31C /* Assets.xcassets in Resources */ = {isa = PBXBuildFile; fileRef = 2137630D2AE953620029B31C /* Assets.xcassets */; };
		213763112AE953620029B31C /* Preview Assets.xcassets in Resources */ = {isa = PBXBuildFile; fileRef = 213763102AE953620029B31C /* Preview Assets.xcassets */; };
		213763192AE95EB40029B31C /* FirebaseAnalytics in Frameworks */ = {isa = PBXBuildFile; productRef = 213763182AE95EB40029B31C /* FirebaseAnalytics */; };
		2137631B2AE95EB40029B31C /* FirebaseAnalyticsOnDeviceConversion in Frameworks */ = {isa = PBXBuildFile; productRef = 2137631A2AE95EB40029B31C /* FirebaseAnalyticsOnDeviceConversion */; };
		2137631D2AE95EB40029B31C /* FirebaseAnalyticsSwift in Frameworks */ = {isa = PBXBuildFile; productRef = 2137631C2AE95EB40029B31C /* FirebaseAnalyticsSwift */; };
		2137631F2AE95EB40029B31C /* FirebaseAnalyticsWithoutAdIdSupport in Frameworks */ = {isa = PBXBuildFile; productRef = 2137631E2AE95EB40029B31C /* FirebaseAnalyticsWithoutAdIdSupport */; };
		213763212AE95EB40029B31C /* FirebaseAppCheck in Frameworks */ = {isa = PBXBuildFile; productRef = 213763202AE95EB40029B31C /* FirebaseAppCheck */; };
		213763232AE95EB40029B31C /* FirebaseAppDistribution-Beta in Frameworks */ = {isa = PBXBuildFile; productRef = 213763222AE95EB40029B31C /* FirebaseAppDistribution-Beta */; };
		213763252AE95EB40029B31C /* FirebaseAuth in Frameworks */ = {isa = PBXBuildFile; productRef = 213763242AE95EB40029B31C /* FirebaseAuth */; };
		213763272AE95EB40029B31C /* FirebaseAuthCombine-Community in Frameworks */ = {isa = PBXBuildFile; productRef = 213763262AE95EB40029B31C /* FirebaseAuthCombine-Community */; };
		213763292AE95EB40029B31C /* FirebaseCrashlytics in Frameworks */ = {isa = PBXBuildFile; productRef = 213763282AE95EB40029B31C /* FirebaseCrashlytics */; };
		2137632B2AE95EB40029B31C /* FirebaseDatabase in Frameworks */ = {isa = PBXBuildFile; productRef = 2137632A2AE95EB40029B31C /* FirebaseDatabase */; };
		2137632D2AE95EB40029B31C /* FirebaseDatabaseSwift in Frameworks */ = {isa = PBXBuildFile; productRef = 2137632C2AE95EB40029B31C /* FirebaseDatabaseSwift */; };
		2137632F2AE95EB40029B31C /* FirebaseDynamicLinks in Frameworks */ = {isa = PBXBuildFile; productRef = 2137632E2AE95EB40029B31C /* FirebaseDynamicLinks */; };
		213763312AE95EB40029B31C /* FirebaseFirestore in Frameworks */ = {isa = PBXBuildFile; productRef = 213763302AE95EB40029B31C /* FirebaseFirestore */; };
		213763332AE95EB40029B31C /* FirebaseFirestoreCombine-Community in Frameworks */ = {isa = PBXBuildFile; productRef = 213763322AE95EB40029B31C /* FirebaseFirestoreCombine-Community */; };
		213763352AE95EB40029B31C /* FirebaseFirestoreSwift in Frameworks */ = {isa = PBXBuildFile; productRef = 213763342AE95EB40029B31C /* FirebaseFirestoreSwift */; };
		213763372AE95EB40029B31C /* FirebaseFunctions in Frameworks */ = {isa = PBXBuildFile; productRef = 213763362AE95EB40029B31C /* FirebaseFunctions */; };
		213763392AE95EB40029B31C /* FirebaseFunctionsCombine-Community in Frameworks */ = {isa = PBXBuildFile; productRef = 213763382AE95EB40029B31C /* FirebaseFunctionsCombine-Community */; };
		2137633B2AE95EB40029B31C /* FirebaseInAppMessaging-Beta in Frameworks */ = {isa = PBXBuildFile; productRef = 2137633A2AE95EB40029B31C /* FirebaseInAppMessaging-Beta */; };
		2137633D2AE95EB40029B31C /* FirebaseInAppMessagingSwift-Beta in Frameworks */ = {isa = PBXBuildFile; productRef = 2137633C2AE95EB40029B31C /* FirebaseInAppMessagingSwift-Beta */; };
		2137633F2AE95EB40029B31C /* FirebaseInstallations in Frameworks */ = {isa = PBXBuildFile; productRef = 2137633E2AE95EB40029B31C /* FirebaseInstallations */; };
		213763412AE95EB40029B31C /* FirebaseMLModelDownloader in Frameworks */ = {isa = PBXBuildFile; productRef = 213763402AE95EB40029B31C /* FirebaseMLModelDownloader */; };
		213763432AE95EB40029B31C /* FirebaseMessaging in Frameworks */ = {isa = PBXBuildFile; productRef = 213763422AE95EB40029B31C /* FirebaseMessaging */; };
		213763452AE95EB40029B31C /* FirebasePerformance in Frameworks */ = {isa = PBXBuildFile; productRef = 213763442AE95EB40029B31C /* FirebasePerformance */; };
		213763472AE95EB40029B31C /* FirebaseRemoteConfig in Frameworks */ = {isa = PBXBuildFile; productRef = 213763462AE95EB40029B31C /* FirebaseRemoteConfig */; };
		213763492AE95EB40029B31C /* FirebaseRemoteConfigSwift in Frameworks */ = {isa = PBXBuildFile; productRef = 213763482AE95EB40029B31C /* FirebaseRemoteConfigSwift */; };
		2137634B2AE95EB40029B31C /* FirebaseStorage in Frameworks */ = {isa = PBXBuildFile; productRef = 2137634A2AE95EB40029B31C /* FirebaseStorage */; };
		2137634D2AE95EB40029B31C /* FirebaseStorageCombine-Community in Frameworks */ = {isa = PBXBuildFile; productRef = 2137634C2AE95EB40029B31C /* FirebaseStorageCombine-Community */; };
		213763512AE960B40029B31C /* GoogleService-Info.plist in Resources */ = {isa = PBXBuildFile; fileRef = 213763502AE960B30029B31C /* GoogleService-Info.plist */; };
		213763552AE9621D0029B31C /* LoginViewModel.swift in Sources */ = {isa = PBXBuildFile; fileRef = 213763542AE9621D0029B31C /* LoginViewModel.swift */; };
		213763572AE9704B0029B31C /* HomeView.swift in Sources */ = {isa = PBXBuildFile; fileRef = 213763562AE9704B0029B31C /* HomeView.swift */; };
		213763592AE977540029B31C /* SplashScreenView.swift in Sources */ = {isa = PBXBuildFile; fileRef = 213763582AE977540029B31C /* SplashScreenView.swift */; };
		2137635C2AEBB4F30029B31C /* LoginView.swift in Sources */ = {isa = PBXBuildFile; fileRef = 2137635B2AEBB4F30029B31C /* LoginView.swift */; };
/* End PBXBuildFile section */

/* Begin PBXFileReference section */
		213763062AE953600029B31C /* login.app */ = {isa = PBXFileReference; explicitFileType = wrapper.application; includeInIndex = 0; path = login.app; sourceTree = BUILT_PRODUCTS_DIR; };
		213763092AE953600029B31C /* loginApp.swift */ = {isa = PBXFileReference; lastKnownFileType = sourcecode.swift; path = loginApp.swift; sourceTree = "<group>"; };
		2137630B2AE953600029B31C /* ContentView.swift */ = {isa = PBXFileReference; lastKnownFileType = sourcecode.swift; path = ContentView.swift; sourceTree = "<group>"; };
		2137630D2AE953620029B31C /* Assets.xcassets */ = {isa = PBXFileReference; lastKnownFileType = folder.assetcatalog; path = Assets.xcassets; sourceTree = "<group>"; };
		213763102AE953620029B31C /* Preview Assets.xcassets */ = {isa = PBXFileReference; lastKnownFileType = folder.assetcatalog; path = "Preview Assets.xcassets"; sourceTree = "<group>"; };
		213763502AE960B30029B31C /* GoogleService-Info.plist */ = {isa = PBXFileReference; fileEncoding = 4; lastKnownFileType = text.plist.xml; path = "GoogleService-Info.plist"; sourceTree = "<group>"; };
		213763542AE9621D0029B31C /* LoginViewModel.swift */ = {isa = PBXFileReference; lastKnownFileType = sourcecode.swift; path = LoginViewModel.swift; sourceTree = "<group>"; };
		213763562AE9704B0029B31C /* HomeView.swift */ = {isa = PBXFileReference; lastKnownFileType = sourcecode.swift; path = HomeView.swift; sourceTree = "<group>"; };
		213763582AE977540029B31C /* SplashScreenView.swift */ = {isa = PBXFileReference; lastKnownFileType = sourcecode.swift; path = SplashScreenView.swift; sourceTree = "<group>"; };
		2137635B2AEBB4F30029B31C /* LoginView.swift */ = {isa = PBXFileReference; lastKnownFileType = sourcecode.swift; path = LoginView.swift; sourceTree = "<group>"; };
/* End PBXFileReference section */

/* Begin PBXFrameworksBuildPhase section */
		213763032AE953600029B31C /* Frameworks */ = {
			isa = PBXFrameworksBuildPhase;
			buildActionMask = 2147483647;
			files = (
				2137632B2AE95EB40029B31C /* FirebaseDatabase in Frameworks */,
				213763392AE95EB40029B31C /* FirebaseFunctionsCombine-Community in Frameworks */,
				213763312AE95EB40029B31C /* FirebaseFirestore in Frameworks */,
				2137631D2AE95EB40029B31C /* FirebaseAnalyticsSwift in Frameworks */,
				213763192AE95EB40029B31C /* FirebaseAnalytics in Frameworks */,
				2137631B2AE95EB40029B31C /* FirebaseAnalyticsOnDeviceConversion in Frameworks */,
				213763412AE95EB40029B31C /* FirebaseMLModelDownloader in Frameworks */,
				213763352AE95EB40029B31C /* FirebaseFirestoreSwift in Frameworks */,
				213763212AE95EB40029B31C /* FirebaseAppCheck in Frameworks */,
				2137631F2AE95EB40029B31C /* FirebaseAnalyticsWithoutAdIdSupport in Frameworks */,
				213763252AE95EB40029B31C /* FirebaseAuth in Frameworks */,
				213763292AE95EB40029B31C /* FirebaseCrashlytics in Frameworks */,
				213763492AE95EB40029B31C /* FirebaseRemoteConfigSwift in Frameworks */,
				2137633B2AE95EB40029B31C /* FirebaseInAppMessaging-Beta in Frameworks */,
				2137632D2AE95EB40029B31C /* FirebaseDatabaseSwift in Frameworks */,
				213763372AE95EB40029B31C /* FirebaseFunctions in Frameworks */,
				2137634D2AE95EB40029B31C /* FirebaseStorageCombine-Community in Frameworks */,
				213763472AE95EB40029B31C /* FirebaseRemoteConfig in Frameworks */,
				213763232AE95EB40029B31C /* FirebaseAppDistribution-Beta in Frameworks */,
				213763272AE95EB40029B31C /* FirebaseAuthCombine-Community in Frameworks */,
				213763452AE95EB40029B31C /* FirebasePerformance in Frameworks */,
				2137633D2AE95EB40029B31C /* FirebaseInAppMessagingSwift-Beta in Frameworks */,
				2137634B2AE95EB40029B31C /* FirebaseStorage in Frameworks */,
				2137632F2AE95EB40029B31C /* FirebaseDynamicLinks in Frameworks */,
				213763332AE95EB40029B31C /* FirebaseFirestoreCombine-Community in Frameworks */,
				213763432AE95EB40029B31C /* FirebaseMessaging in Frameworks */,
				2137633F2AE95EB40029B31C /* FirebaseInstallations in Frameworks */,
			);
			runOnlyForDeploymentPostprocessing = 0;
		};
/* End PBXFrameworksBuildPhase section */

/* Begin PBXGroup section */
		213762FD2AE953600029B31C = {
			isa = PBXGroup;
			children = (
				213763082AE953600029B31C /* login */,
				213763072AE953600029B31C /* Products */,
			);
			sourceTree = "<group>";
		};
		213763072AE953600029B31C /* Products */ = {
			isa = PBXGroup;
			children = (
				213763062AE953600029B31C /* login.app */,
			);
			name = Products;
			sourceTree = "<group>";
		};
		213763082AE953600029B31C /* login */ = {
			isa = PBXGroup;
			children = (
				2137635A2AEBB4D90029B31C /* View */,
				213763092AE953600029B31C /* loginApp.swift */,
				2137630B2AE953600029B31C /* ContentView.swift */,
				213763562AE9704B0029B31C /* HomeView.swift */,
				213763582AE977540029B31C /* SplashScreenView.swift */,
				213763532AE962020029B31C /* ViewModel */,
				2137630D2AE953620029B31C /* Assets.xcassets */,
				213763502AE960B30029B31C /* GoogleService-Info.plist */,
				2137630F2AE953620029B31C /* Preview Content */,
			);
			path = login;
			sourceTree = "<group>";
		};
		2137630F2AE953620029B31C /* Preview Content */ = {
			isa = PBXGroup;
			children = (
				213763102AE953620029B31C /* Preview Assets.xcassets */,
			);
			path = "Preview Content";
			sourceTree = "<group>";
		};
		213763532AE962020029B31C /* ViewModel */ = {
			isa = PBXGroup;
			children = (
				213763542AE9621D0029B31C /* LoginViewModel.swift */,
			);
			path = ViewModel;
			sourceTree = "<group>";
		};
		2137635A2AEBB4D90029B31C /* View */ = {
			isa = PBXGroup;
			children = (
				2137635B2AEBB4F30029B31C /* LoginView.swift */,
			);
			path = View;
			sourceTree = "<group>";
		};
/* End PBXGroup section */

/* Begin PBXNativeTarget section */
		213763052AE953600029B31C /* login */ = {
			isa = PBXNativeTarget;
			buildConfigurationList = 213763142AE953620029B31C /* Build configuration list for PBXNativeTarget "login" */;
			buildPhases = (
				213763022AE953600029B31C /* Sources */,
				213763032AE953600029B31C /* Frameworks */,
				213763042AE953600029B31C /* Resources */,
			);
			buildRules = (
			);
			dependencies = (
			);
			name = login;
			packageProductDependencies = (
				213763182AE95EB40029B31C /* FirebaseAnalytics */,
				2137631A2AE95EB40029B31C /* FirebaseAnalyticsOnDeviceConversion */,
				2137631C2AE95EB40029B31C /* FirebaseAnalyticsSwift */,
				2137631E2AE95EB40029B31C /* FirebaseAnalyticsWithoutAdIdSupport */,
				213763202AE95EB40029B31C /* FirebaseAppCheck */,
				213763222AE95EB40029B31C /* FirebaseAppDistribution-Beta */,
				213763242AE95EB40029B31C /* FirebaseAuth */,
				213763262AE95EB40029B31C /* FirebaseAuthCombine-Community */,
				213763282AE95EB40029B31C /* FirebaseCrashlytics */,
				2137632A2AE95EB40029B31C /* FirebaseDatabase */,
				2137632C2AE95EB40029B31C /* FirebaseDatabaseSwift */,
				2137632E2AE95EB40029B31C /* FirebaseDynamicLinks */,
				213763302AE95EB40029B31C /* FirebaseFirestore */,
				213763322AE95EB40029B31C /* FirebaseFirestoreCombine-Community */,
				213763342AE95EB40029B31C /* FirebaseFirestoreSwift */,
				213763362AE95EB40029B31C /* FirebaseFunctions */,
				213763382AE95EB40029B31C /* FirebaseFunctionsCombine-Community */,
				2137633A2AE95EB40029B31C /* FirebaseInAppMessaging-Beta */,
				2137633C2AE95EB40029B31C /* FirebaseInAppMessagingSwift-Beta */,
				2137633E2AE95EB40029B31C /* FirebaseInstallations */,
				213763402AE95EB40029B31C /* FirebaseMLModelDownloader */,
				213763422AE95EB40029B31C /* FirebaseMessaging */,
				213763442AE95EB40029B31C /* FirebasePerformance */,
				213763462AE95EB40029B31C /* FirebaseRemoteConfig */,
				213763482AE95EB40029B31C /* FirebaseRemoteConfigSwift */,
				2137634A2AE95EB40029B31C /* FirebaseStorage */,
				2137634C2AE95EB40029B31C /* FirebaseStorageCombine-Community */,
			);
			productName = login;
			productReference = 213763062AE953600029B31C /* login.app */;
			productType = "com.apple.product-type.application";
		};
/* End PBXNativeTarget section */

/* Begin PBXProject section */
		213762FE2AE953600029B31C /* Project object */ = {
			isa = PBXProject;
			attributes = {
				BuildIndependentTargetsInParallel = 1;
				LastSwiftUpdateCheck = 1430;
				LastUpgradeCheck = 1430;
				TargetAttributes = {
					213763052AE953600029B31C = {
						CreatedOnToolsVersion = 14.3;
					};
				};
			};
			buildConfigurationList = 213763012AE953600029B31C /* Build configuration list for PBXProject "login" */;
			compatibilityVersion = "Xcode 14.0";
			developmentRegion = en;
			hasScannedForEncodings = 0;
			knownRegions = (
				en,
				Base,
			);
			mainGroup = 213762FD2AE953600029B31C;
			packageReferences = (
				213763172AE95EB40029B31C /* XCRemoteSwiftPackageReference "firebase-ios-sdk" */,
			);
			productRefGroup = 213763072AE953600029B31C /* Products */;
			projectDirPath = "";
			projectRoot = "";
			targets = (
				213763052AE953600029B31C /* login */,
			);
		};
/* End PBXProject section */

/* Begin PBXResourcesBuildPhase section */
		213763042AE953600029B31C /* Resources */ = {
			isa = PBXResourcesBuildPhase;
			buildActionMask = 2147483647;
			files = (
				213763112AE953620029B31C /* Preview Assets.xcassets in Resources */,
				2137630E2AE953620029B31C /* Assets.xcassets in Resources */,
				213763512AE960B40029B31C /* GoogleService-Info.plist in Resources */,
			);
			runOnlyForDeploymentPostprocessing = 0;
		};
/* End PBXResourcesBuildPhase section */

/* Begin PBXSourcesBuildPhase section */
		213763022AE953600029B31C /* Sources */ = {
			isa = PBXSourcesBuildPhase;
			buildActionMask = 2147483647;
			files = (
				2137635C2AEBB4F30029B31C /* LoginView.swift in Sources */,
				2137630C2AE953600029B31C /* ContentView.swift in Sources */,
				213763572AE9704B0029B31C /* HomeView.swift in Sources */,
				213763592AE977540029B31C /* SplashScreenView.swift in Sources */,
				2137630A2AE953600029B31C /* loginApp.swift in Sources */,
				213763552AE9621D0029B31C /* LoginViewModel.swift in Sources */,
			);
			runOnlyForDeploymentPostprocessing = 0;
		};
/* End PBXSourcesBuildPhase section */

/* Begin XCBuildConfiguration section */
		213763122AE953620029B31C /* Debug */ = {
			isa = XCBuildConfiguration;
			buildSettings = {
				ALWAYS_SEARCH_USER_PATHS = NO;
				CLANG_ANALYZER_NONNULL = YES;
				CLANG_ANALYZER_NUMBER_OBJECT_CONVERSION = YES_AGGRESSIVE;
				CLANG_CXX_LANGUAGE_STANDARD = "gnu++20";
				CLANG_ENABLE_MODULES = YES;
				CLANG_ENABLE_OBJC_ARC = YES;
				CLANG_ENABLE_OBJC_WEAK = YES;
				CLANG_WARN_BLOCK_CAPTURE_AUTORELEASING = YES;
				CLANG_WARN_BOOL_CONVERSION = YES;
				CLANG_WARN_COMMA = YES;
				CLANG_WARN_CONSTANT_CONVERSION = YES;
				CLANG_WARN_DEPRECATED_OBJC_IMPLEMENTATIONS = YES;
				CLANG_WARN_DIRECT_OBJC_ISA_USAGE = YES_ERROR;
				CLANG_WARN_DOCUMENTATION_COMMENTS = YES;
				CLANG_WARN_EMPTY_BODY = YES;
				CLANG_WARN_ENUM_CONVERSION = YES;
				CLANG_WARN_INFINITE_RECURSION = YES;
				CLANG_WARN_INT_CONVERSION = YES;
				CLANG_WARN_NON_LITERAL_NULL_CONVERSION = YES;
				CLANG_WARN_OBJC_IMPLICIT_RETAIN_SELF = YES;
				CLANG_WARN_OBJC_LITERAL_CONVERSION = YES;
				CLANG_WARN_OBJC_ROOT_CLASS = YES_ERROR;
				CLANG_WARN_QUOTED_INCLUDE_IN_FRAMEWORK_HEADER = YES;
				CLANG_WARN_RANGE_LOOP_ANALYSIS = YES;
				CLANG_WARN_STRICT_PROTOTYPES = YES;
				CLANG_WARN_SUSPICIOUS_MOVE = YES;
				CLANG_WARN_UNGUARDED_AVAILABILITY = YES_AGGRESSIVE;
				CLANG_WARN_UNREACHABLE_CODE = YES;
				CLANG_WARN__DUPLICATE_METHOD_MATCH = YES;
				COPY_PHASE_STRIP = NO;
				DEBUG_INFORMATION_FORMAT = dwarf;
				ENABLE_STRICT_OBJC_MSGSEND = YES;
				ENABLE_TESTABILITY = YES;
				GCC_C_LANGUAGE_STANDARD = gnu11;
				GCC_DYNAMIC_NO_PIC = NO;
				GCC_NO_COMMON_BLOCKS = YES;
				GCC_OPTIMIZATION_LEVEL = 0;
				GCC_PREPROCESSOR_DEFINITIONS = (
					"DEBUG=1",
					"$(inherited)",
				);
				GCC_WARN_64_TO_32_BIT_CONVERSION = YES;
				GCC_WARN_ABOUT_RETURN_TYPE = YES_ERROR;
				GCC_WARN_UNDECLARED_SELECTOR = YES;
				GCC_WARN_UNINITIALIZED_AUTOS = YES_AGGRESSIVE;
				GCC_WARN_UNUSED_FUNCTION = YES;
				GCC_WARN_UNUSED_VARIABLE = YES;
				IPHONEOS_DEPLOYMENT_TARGET = 16.4;
				MTL_ENABLE_DEBUG_INFO = INCLUDE_SOURCE;
				MTL_FAST_MATH = YES;
				ONLY_ACTIVE_ARCH = YES;
				SDKROOT = iphoneos;
				SWIFT_ACTIVE_COMPILATION_CONDITIONS = DEBUG;
				SWIFT_OPTIMIZATION_LEVEL = "-Onone";
			};
			name = Debug;
		};
		213763132AE953620029B31C /* Release */ = {
			isa = XCBuildConfiguration;
			buildSettings = {
				ALWAYS_SEARCH_USER_PATHS = NO;
				CLANG_ANALYZER_NONNULL = YES;
				CLANG_ANALYZER_NUMBER_OBJECT_CONVERSION = YES_AGGRESSIVE;
				CLANG_CXX_LANGUAGE_STANDARD = "gnu++20";
				CLANG_ENABLE_MODULES = YES;
				CLANG_ENABLE_OBJC_ARC = YES;
				CLANG_ENABLE_OBJC_WEAK = YES;
				CLANG_WARN_BLOCK_CAPTURE_AUTORELEASING = YES;
				CLANG_WARN_BOOL_CONVERSION = YES;
				CLANG_WARN_COMMA = YES;
				CLANG_WARN_CONSTANT_CONVERSION = YES;
				CLANG_WARN_DEPRECATED_OBJC_IMPLEMENTATIONS = YES;
				CLANG_WARN_DIRECT_OBJC_ISA_USAGE = YES_ERROR;
				CLANG_WARN_DOCUMENTATION_COMMENTS = YES;
				CLANG_WARN_EMPTY_BODY = YES;
				CLANG_WARN_ENUM_CONVERSION = YES;
				CLANG_WARN_INFINITE_RECURSION = YES;
				CLANG_WARN_INT_CONVERSION = YES;
				CLANG_WARN_NON_LITERAL_NULL_CONVERSION = YES;
				CLANG_WARN_OBJC_IMPLICIT_RETAIN_SELF = YES;
				CLANG_WARN_OBJC_LITERAL_CONVERSION = YES;
				CLANG_WARN_OBJC_ROOT_CLASS = YES_ERROR;
				CLANG_WARN_QUOTED_INCLUDE_IN_FRAMEWORK_HEADER = YES;
				CLANG_WARN_RANGE_LOOP_ANALYSIS = YES;
				CLANG_WARN_STRICT_PROTOTYPES = YES;
				CLANG_WARN_SUSPICIOUS_MOVE = YES;
				CLANG_WARN_UNGUARDED_AVAILABILITY = YES_AGGRESSIVE;
				CLANG_WARN_UNREACHABLE_CODE = YES;
				CLANG_WARN__DUPLICATE_METHOD_MATCH = YES;
				COPY_PHASE_STRIP = NO;
				DEBUG_INFORMATION_FORMAT = "dwarf-with-dsym";
				ENABLE_NS_ASSERTIONS = NO;
				ENABLE_STRICT_OBJC_MSGSEND = YES;
				GCC_C_LANGUAGE_STANDARD = gnu11;
				GCC_NO_COMMON_BLOCKS = YES;
				GCC_WARN_64_TO_32_BIT_CONVERSION = YES;
				GCC_WARN_ABOUT_RETURN_TYPE = YES_ERROR;
				GCC_WARN_UNDECLARED_SELECTOR = YES;
				GCC_WARN_UNINITIALIZED_AUTOS = YES_AGGRESSIVE;
				GCC_WARN_UNUSED_FUNCTION = YES;
				GCC_WARN_UNUSED_VARIABLE = YES;
				IPHONEOS_DEPLOYMENT_TARGET = 16.4;
				MTL_ENABLE_DEBUG_INFO = NO;
				MTL_FAST_MATH = YES;
				SDKROOT = iphoneos;
				SWIFT_COMPILATION_MODE = wholemodule;
				SWIFT_OPTIMIZATION_LEVEL = "-O";
				VALIDATE_PRODUCT = YES;
			};
			name = Release;
		};
		213763152AE953620029B31C /* Debug */ = {
			isa = XCBuildConfiguration;
			buildSettings = {
				ASSETCATALOG_COMPILER_APPICON_NAME = AppIcon;
				ASSETCATALOG_COMPILER_GLOBAL_ACCENT_COLOR_NAME = AccentColor;
				CODE_SIGN_STYLE = Automatic;
				CURRENT_PROJECT_VERSION = 1;
				DEVELOPMENT_ASSET_PATHS = "\"login/Preview Content\"";
				DEVELOPMENT_TEAM = 7J383UBKFU;
				ENABLE_PREVIEWS = YES;
				GENERATE_INFOPLIST_FILE = YES;
				INFOPLIST_KEY_UIApplicationSceneManifest_Generation = YES;
				INFOPLIST_KEY_UIApplicationSupportsIndirectInputEvents = YES;
				INFOPLIST_KEY_UILaunchScreen_Generation = YES;
				INFOPLIST_KEY_UISupportedInterfaceOrientations_iPad = "UIInterfaceOrientationPortrait UIInterfaceOrientationPortraitUpsideDown UIInterfaceOrientationLandscapeLeft UIInterfaceOrientationLandscapeRight";
				INFOPLIST_KEY_UISupportedInterfaceOrientations_iPhone = "UIInterfaceOrientationPortrait UIInterfaceOrientationLandscapeLeft UIInterfaceOrientationLandscapeRight";
				LD_RUNPATH_SEARCH_PATHS = (
					"$(inherited)",
					"@executable_path/Frameworks",
				);
				MARKETING_VERSION = 1.0;
				PRODUCT_BUNDLE_IDENTIFIER = com.carolineklakegg.login;
				PRODUCT_NAME = "$(TARGET_NAME)";
				SWIFT_EMIT_LOC_STRINGS = YES;
				SWIFT_VERSION = 5.0;
				TARGETED_DEVICE_FAMILY = "1,2";
			};
			name = Debug;
		};
		213763162AE953620029B31C /* Release */ = {
			isa = XCBuildConfiguration;
			buildSettings = {
				ASSETCATALOG_COMPILER_APPICON_NAME = AppIcon;
				ASSETCATALOG_COMPILER_GLOBAL_ACCENT_COLOR_NAME = AccentColor;
				CODE_SIGN_STYLE = Automatic;
				CURRENT_PROJECT_VERSION = 1;
				DEVELOPMENT_ASSET_PATHS = "\"login/Preview Content\"";
				DEVELOPMENT_TEAM = 7J383UBKFU;
				ENABLE_PREVIEWS = YES;
				GENERATE_INFOPLIST_FILE = YES;
				INFOPLIST_KEY_UIApplicationSceneManifest_Generation = YES;
				INFOPLIST_KEY_UIApplicationSupportsIndirectInputEvents = YES;
				INFOPLIST_KEY_UILaunchScreen_Generation = YES;
				INFOPLIST_KEY_UISupportedInterfaceOrientations_iPad = "UIInterfaceOrientationPortrait UIInterfaceOrientationPortraitUpsideDown UIInterfaceOrientationLandscapeLeft UIInterfaceOrientationLandscapeRight";
				INFOPLIST_KEY_UISupportedInterfaceOrientations_iPhone = "UIInterfaceOrientationPortrait UIInterfaceOrientationLandscapeLeft UIInterfaceOrientationLandscapeRight";
				LD_RUNPATH_SEARCH_PATHS = (
					"$(inherited)",
					"@executable_path/Frameworks",
				);
				MARKETING_VERSION = 1.0;
				PRODUCT_BUNDLE_IDENTIFIER = com.carolineklakegg.login;
				PRODUCT_NAME = "$(TARGET_NAME)";
				SWIFT_EMIT_LOC_STRINGS = YES;
				SWIFT_VERSION = 5.0;
				TARGETED_DEVICE_FAMILY = "1,2";
			};
			name = Release;
		};
/* End XCBuildConfiguration section */

/* Begin XCConfigurationList section */
		213763012AE953600029B31C /* Build configuration list for PBXProject "login" */ = {
			isa = XCConfigurationList;
			buildConfigurations = (
				213763122AE953620029B31C /* Debug */,
				213763132AE953620029B31C /* Release */,
			);
			defaultConfigurationIsVisible = 0;
			defaultConfigurationName = Release;
		};
		213763142AE953620029B31C /* Build configuration list for PBXNativeTarget "login" */ = {
			isa = XCConfigurationList;
			buildConfigurations = (
				213763152AE953620029B31C /* Debug */,
				213763162AE953620029B31C /* Release */,
			);
			defaultConfigurationIsVisible = 0;
			defaultConfigurationName = Release;
		};
/* End XCConfigurationList section */

/* Begin XCRemoteSwiftPackageReference section */
		213763172AE95EB40029B31C /* XCRemoteSwiftPackageReference "firebase-ios-sdk" */ = {
			isa = XCRemoteSwiftPackageReference;
			repositoryURL = "https://github.com/firebase/firebase-ios-sdk";
			requirement = {
				kind = upToNextMajorVersion;
				minimumVersion = 10.0.0;
			};
		};
/* End XCRemoteSwiftPackageReference section */

/* Begin XCSwiftPackageProductDependency section */
		213763182AE95EB40029B31C /* FirebaseAnalytics */ = {
			isa = XCSwiftPackageProductDependency;
			package = 213763172AE95EB40029B31C /* XCRemoteSwiftPackageReference "firebase-ios-sdk" */;
			productName = FirebaseAnalytics;
		};
		2137631A2AE95EB40029B31C /* FirebaseAnalyticsOnDeviceConversion */ = {
			isa = XCSwiftPackageProductDependency;
			package = 213763172AE95EB40029B31C /* XCRemoteSwiftPackageReference "firebase-ios-sdk" */;
			productName = FirebaseAnalyticsOnDeviceConversion;
		};
		2137631C2AE95EB40029B31C /* FirebaseAnalyticsSwift */ = {
			isa = XCSwiftPackageProductDependency;
			package = 213763172AE95EB40029B31C /* XCRemoteSwiftPackageReference "firebase-ios-sdk" */;
			productName = FirebaseAnalyticsSwift;
		};
		2137631E2AE95EB40029B31C /* FirebaseAnalyticsWithoutAdIdSupport */ = {
			isa = XCSwiftPackageProductDependency;
			package = 213763172AE95EB40029B31C /* XCRemoteSwiftPackageReference "firebase-ios-sdk" */;
			productName = FirebaseAnalyticsWithoutAdIdSupport;
		};
		213763202AE95EB40029B31C /* FirebaseAppCheck */ = {
			isa = XCSwiftPackageProductDependency;
			package = 213763172AE95EB40029B31C /* XCRemoteSwiftPackageReference "firebase-ios-sdk" */;
			productName = FirebaseAppCheck;
		};
		213763222AE95EB40029B31C /* FirebaseAppDistribution-Beta */ = {
			isa = XCSwiftPackageProductDependency;
			package = 213763172AE95EB40029B31C /* XCRemoteSwiftPackageReference "firebase-ios-sdk" */;
			productName = "FirebaseAppDistribution-Beta";
		};
		213763242AE95EB40029B31C /* FirebaseAuth */ = {
			isa = XCSwiftPackageProductDependency;
			package = 213763172AE95EB40029B31C /* XCRemoteSwiftPackageReference "firebase-ios-sdk" */;
			productName = FirebaseAuth;
		};
		213763262AE95EB40029B31C /* FirebaseAuthCombine-Community */ = {
			isa = XCSwiftPackageProductDependency;
			package = 213763172AE95EB40029B31C /* XCRemoteSwiftPackageReference "firebase-ios-sdk" */;
			productName = "FirebaseAuthCombine-Community";
		};
		213763282AE95EB40029B31C /* FirebaseCrashlytics */ = {
			isa = XCSwiftPackageProductDependency;
			package = 213763172AE95EB40029B31C /* XCRemoteSwiftPackageReference "firebase-ios-sdk" */;
			productName = FirebaseCrashlytics;
		};
		2137632A2AE95EB40029B31C /* FirebaseDatabase */ = {
			isa = XCSwiftPackageProductDependency;
			package = 213763172AE95EB40029B31C /* XCRemoteSwiftPackageReference "firebase-ios-sdk" */;
			productName = FirebaseDatabase;
		};
		2137632C2AE95EB40029B31C /* FirebaseDatabaseSwift */ = {
			isa = XCSwiftPackageProductDependency;
			package = 213763172AE95EB40029B31C /* XCRemoteSwiftPackageReference "firebase-ios-sdk" */;
			productName = FirebaseDatabaseSwift;
		};
		2137632E2AE95EB40029B31C /* FirebaseDynamicLinks */ = {
			isa = XCSwiftPackageProductDependency;
			package = 213763172AE95EB40029B31C /* XCRemoteSwiftPackageReference "firebase-ios-sdk" */;
			productName = FirebaseDynamicLinks;
		};
		213763302AE95EB40029B31C /* FirebaseFirestore */ = {
			isa = XCSwiftPackageProductDependency;
			package = 213763172AE95EB40029B31C /* XCRemoteSwiftPackageReference "firebase-ios-sdk" */;
			productName = FirebaseFirestore;
		};
		213763322AE95EB40029B31C /* FirebaseFirestoreCombine-Community */ = {
			isa = XCSwiftPackageProductDependency;
			package = 213763172AE95EB40029B31C /* XCRemoteSwiftPackageReference "firebase-ios-sdk" */;
			productName = "FirebaseFirestoreCombine-Community";
		};
		213763342AE95EB40029B31C /* FirebaseFirestoreSwift */ = {
			isa = XCSwiftPackageProductDependency;
			package = 213763172AE95EB40029B31C /* XCRemoteSwiftPackageReference "firebase-ios-sdk" */;
			productName = FirebaseFirestoreSwift;
		};
		213763362AE95EB40029B31C /* FirebaseFunctions */ = {
			isa = XCSwiftPackageProductDependency;
			package = 213763172AE95EB40029B31C /* XCRemoteSwiftPackageReference "firebase-ios-sdk" */;
			productName = FirebaseFunctions;
		};
		213763382AE95EB40029B31C /* FirebaseFunctionsCombine-Community */ = {
			isa = XCSwiftPackageProductDependency;
			package = 213763172AE95EB40029B31C /* XCRemoteSwiftPackageReference "firebase-ios-sdk" */;
			productName = "FirebaseFunctionsCombine-Community";
		};
		2137633A2AE95EB40029B31C /* FirebaseInAppMessaging-Beta */ = {
			isa = XCSwiftPackageProductDependency;
			package = 213763172AE95EB40029B31C /* XCRemoteSwiftPackageReference "firebase-ios-sdk" */;
			productName = "FirebaseInAppMessaging-Beta";
		};
		2137633C2AE95EB40029B31C /* FirebaseInAppMessagingSwift-Beta */ = {
			isa = XCSwiftPackageProductDependency;
			package = 213763172AE95EB40029B31C /* XCRemoteSwiftPackageReference "firebase-ios-sdk" */;
			productName = "FirebaseInAppMessagingSwift-Beta";
		};
		2137633E2AE95EB40029B31C /* FirebaseInstallations */ = {
			isa = XCSwiftPackageProductDependency;
			package = 213763172AE95EB40029B31C /* XCRemoteSwiftPackageReference "firebase-ios-sdk" */;
			productName = FirebaseInstallations;
		};
		213763402AE95EB40029B31C /* FirebaseMLModelDownloader */ = {
			isa = XCSwiftPackageProductDependency;
			package = 213763172AE95EB40029B31C /* XCRemoteSwiftPackageReference "firebase-ios-sdk" */;
			productName = FirebaseMLModelDownloader;
		};
		213763422AE95EB40029B31C /* FirebaseMessaging */ = {
			isa = XCSwiftPackageProductDependency;
			package = 213763172AE95EB40029B31C /* XCRemoteSwiftPackageReference "firebase-ios-sdk" */;
			productName = FirebaseMessaging;
		};
		213763442AE95EB40029B31C /* FirebasePerformance */ = {
			isa = XCSwiftPackageProductDependency;
			package = 213763172AE95EB40029B31C /* XCRemoteSwiftPackageReference "firebase-ios-sdk" */;
			productName = FirebasePerformance;
		};
		213763462AE95EB40029B31C /* FirebaseRemoteConfig */ = {
			isa = XCSwiftPackageProductDependency;
			package = 213763172AE95EB40029B31C /* XCRemoteSwiftPackageReference "firebase-ios-sdk" */;
			productName = FirebaseRemoteConfig;
		};
		213763482AE95EB40029B31C /* FirebaseRemoteConfigSwift */ = {
			isa = XCSwiftPackageProductDependency;
			package = 213763172AE95EB40029B31C /* XCRemoteSwiftPackageReference "firebase-ios-sdk" */;
			productName = FirebaseRemoteConfigSwift;
		};
		2137634A2AE95EB40029B31C /* FirebaseStorage */ = {
			isa = XCSwiftPackageProductDependency;
			package = 213763172AE95EB40029B31C /* XCRemoteSwiftPackageReference "firebase-ios-sdk" */;
			productName = FirebaseStorage;
		};
		2137634C2AE95EB40029B31C /* FirebaseStorageCombine-Community */ = {
			isa = XCSwiftPackageProductDependency;
			package = 213763172AE95EB40029B31C /* XCRemoteSwiftPackageReference "firebase-ios-sdk" */;
			productName = "FirebaseStorageCombine-Community";
		};
/* End XCSwiftPackageProductDependency section */
	};
	rootObject = 213762FE2AE953600029B31C /* Project object */;
}
